
Microsoft Visual Studio Solution File, Format Version 12.00
# Visual Studio Version 16
VisualStudioVersion = 16.0.29326.143
MinimumVisualStudioVersion = 10.0.40219.1
Project("{FAE04EC0-301F-11D3-BF4B-00C04F79EFBC}") = "Sistema.View", "Sistema.View\Sistema.View.csproj", "{017EC1EE-2129-4C3C-9DC7-13BF58793FCD}"
EndProject
Project("{FAE04EC0-301F-11D3-BF4B-00C04F79EFBC}") = "Sistema.Model", "Sistema.Model\Sistema.Model.csproj", "{B38659C1-A91D-48F6-BA1C-A938DE90A663}"
EndProject
Project("{FAE04EC0-301F-11D3-BF4B-00C04F79EFBC}") = "Sistema.Controller", "Sistema.Controller\Sistema.Controller.csproj", "{B14E740A-198B-452D-BFDB-5443C2D00E3C}"
EndProject
Project("{FAE04EC0-301F-11D3-BF4B-00C04F79EFBC}") = "Sistema.Entity", "Sistema.Entity\Sistema.Entity.csproj", "{7702DD16-17C3-4B4F-BBBF-D17A5153D204}"
EndProject
Global
	GlobalSection(SolutionConfigurationPlatforms) = preSolution
		Debug|Any CPU = Debug|Any CPU
		Release|Any CPU = Release|Any CPU
	EndGlobalSection
	GlobalSection(ProjectConfigurationPlatforms) = postSolution
		{017EC1EE-2129-4C3C-9DC7-13BF58793FCD}.Debug|Any CPU.ActiveCfg = Debug|Any CPU
		{017EC1EE-2129-4C3C-9DC7-13BF58793FCD}.Debug|Any CPU.Build.0 = Debug|Any CPU
		{017EC1EE-2129-4C3C-9DC7-13BF58793FCD}.Release|Any CPU.ActiveCfg = Release|Any CPU
		{017EC1EE-2129-4C3C-9DC7-13BF58793FCD}.Release|Any CPU.Build.0 = Release|Any CPU
		{B38659C1-A91D-48F6-BA1C-A938DE90A663}.Debug|Any CPU.ActiveCfg = Debug|Any CPU
		{B38659C1-A91D-48F6-BA1C-A938DE90A663}.Debug|Any CPU.Build.0 = Debug|Any CPU
		{B38659C1-A91D-48F6-BA1C-A938DE90A663}.Release|Any CPU.ActiveCfg = Release|Any CPU
		{B38659C1-A91D-48F6-BA1C-A938DE90A663}.Release|Any CPU.Build.0 = Release|Any CPU
		{B14E740A-198B-452D-BFDB-5443C2D00E3C}.Debug|Any CPU.ActiveCfg = Debug|Any CPU
		{B14E740A-198B-452D-BFDB-5443C2D00E3C}.Debug|Any CPU.Build.0 = Debug|Any CPU
		{B14E740A-198B-452D-BFDB-5443C2D00E3C}.Release|Any CPU.ActiveCfg = Release|Any CPU
		{B14E740A-198B-452D-BFDB-5443C2D00E3C}.Release|Any CPU.Build.0 = Release|Any CPU
		{7702DD16-17C3-4B4F-BBBF-D17A5153D204}.Debug|Any CPU.ActiveCfg = Debug|Any CPU
		{7702DD16-17C3-4B4F-BBBF-D17A5153D204}.Debug|Any CPU.Build.0 = Debug|Any CPU
		{7702DD16-17C3-4B4F-BBBF-D17A5153D204}.Release|Any CPU.ActiveCfg = Release|Any CPU
		{7702DD16-17C3-4B4F-BBBF-D17A5153D204}.Release|Any CPU.Build.0 = Release|Any CPU
	EndGlobalSection
	GlobalSection(SolutionProperties) = preSolution
		HideSolutionNode = FALSE
	EndGlobalSection
	GlobalSection(ExtensibilityGlobals) = postSolution
		SolutionGuid = {54116C94-DD9F-42DC-93FE-F16A31A615CC}
	EndGlobalSection
EndGlobal
